
Microsoft Visual Studio Solution File, Format Version 12.00
# Visual Studio Version 17
VisualStudioVersion = 17.11.35327.3
MinimumVisualStudioVersion = 10.0.40219.1
Project("{FAE04EC0-301F-11D3-BF4B-00C04F79EFBC}") = "cumulative3", "cumulative3\cumulative3.csproj", "{A6FB303F-B6A7-4A50-9294-1FFFE9325DA2}"
EndProject
Global
	GlobalSection(SolutionConfigurationPlatforms) = preSolution
		Debug|Any CPU = Debug|Any CPU
		Release|Any CPU = Release|Any CPU
	EndGlobalSection
	GlobalSection(ProjectConfigurationPlatforms) = postSolution
		{A6FB303F-B6A7-4A50-9294-1FFFE9325DA2}.Debug|Any CPU.ActiveCfg = Debug|Any CPU
		{A6FB303F-B6A7-4A50-9294-1FFFE9325DA2}.Debug|Any CPU.Build.0 = Debug|Any CPU
		{A6FB303F-B6A7-4A50-9294-1FFFE9325DA2}.Release|Any CPU.ActiveCfg = Release|Any CPU
		{A6FB303F-B6A7-4A50-9294-1FFFE9325DA2}.Release|Any CPU.Build.0 = Release|Any CPU
	EndGlobalSection
	GlobalSection(SolutionProperties) = preSolution
		HideSolutionNode = FALSE
	EndGlobalSection
	GlobalSection(ExtensibilityGlobals) = postSolution
		SolutionGuid = {980D1683-5FD5-4535-9456-A4CAD1E27C7E}
	EndGlobalSection
EndGlobal
